// !$*UTF8*$!
{
	archiveVersion = 1;
	classes = {
	};
	objectVersion = 46;
	objects = {

/* Begin PBXBuildFile section */
		04FF456A1EF2EC6200B6769D /* main.m in Sources */ = {isa = PBXBuildFile; fileRef = 04FF45691EF2EC6200B6769D /* main.m */; };
		04FF456D1EF2EC6200B6769D /* AppDelegate.m in Sources */ = {isa = PBXBuildFile; fileRef = 04FF456C1EF2EC6200B6769D /* AppDelegate.m */; };
		04FF45701EF2EC6200B6769D /* ViewController.m in Sources */ = {isa = PBXBuildFile; fileRef = 04FF456F1EF2EC6200B6769D /* ViewController.m */; };
		04FF45731EF2EC6200B6769D /* Main.storyboard in Resources */ = {isa = PBXBuildFile; fileRef = 04FF45711EF2EC6200B6769D /* Main.storyboard */; };
		04FF45751EF2EC6200B6769D /* Assets.xcassets in Resources */ = {isa = PBXBuildFile; fileRef = 04FF45741EF2EC6200B6769D /* Assets.xcassets */; };
		04FF45781EF2EC6200B6769D /* LaunchScreen.storyboard in Resources */ = {isa = PBXBuildFile; fileRef = 04FF45761EF2EC6200B6769D /* LaunchScreen.storyboard */; };
		04FF45831EF2EC6200B6769D /* MockTestTests.m in Sources */ = {isa = PBXBuildFile; fileRef = 04FF45821EF2EC6200B6769D /* MockTestTests.m */; };
		A09321781BC77A5699A5430C /* libPods-MockTestTests.a in Frameworks */ = {isa = PBXBuildFile; fileRef = 908DC6DAD287850E1CAE0851 /* libPods-MockTestTests.a */; };
		E99B6F6850CF3761CEDAF032 /* libPods-MockTest.a in Frameworks */ = {isa = PBXBuildFile; fileRef = 8C65C692D582C0F3CDBD87C3 /* libPods-MockTest.a */; };
/* End PBXBuildFile section */

/* Begin PBXContainerItemProxy section */
		04FF457F1EF2EC6200B6769D /* PBXContainerItemProxy */ = {
			isa = PBXContainerItemProxy;
			containerPortal = 04FF455D1EF2EC6200B6769D /* Project object */;
			proxyType = 1;
			remoteGlobalIDString = 04FF45641EF2EC6200B6769D;
			remoteInfo = MockTest;
		};
/* End PBXContainerItemProxy section */

/* Begin PBXFileReference section */
		04FF45651EF2EC6200B6769D /* MockTest.app */ = {isa = PBXFileReference; explicitFileType = wrapper.application; includeInIndex = 0; path = MockTest.app; sourceTree = BUILT_PRODUCTS_DIR; };
		04FF45691EF2EC6200B6769D /* main.m */ = {isa = PBXFileReference; lastKnownFileType = sourcecode.c.objc; path = main.m; sourceTree = "<group>"; };
		04FF456B1EF2EC6200B6769D /* AppDelegate.h */ = {isa = PBXFileReference; lastKnownFileType = sourcecode.c.h; path = AppDelegate.h; sourceTree = "<group>"; };
		04FF456C1EF2EC6200B6769D /* AppDelegate.m */ = {isa = PBXFileReference; lastKnownFileType = sourcecode.c.objc; path = AppDelegate.m; sourceTree = "<group>"; };
		04FF456E1EF2EC6200B6769D /* ViewController.h */ = {isa = PBXFileReference; lastKnownFileType = sourcecode.c.h; path = ViewController.h; sourceTree = "<group>"; };
		04FF456F1EF2EC6200B6769D /* ViewController.m */ = {isa = PBXFileReference; lastKnownFileType = sourcecode.c.objc; path = ViewController.m; sourceTree = "<group>"; };
		04FF45721EF2EC6200B6769D /* Base */ = {isa = PBXFileReference; lastKnownFileType = file.storyboard; name = Base; path = Base.lproj/Main.storyboard; sourceTree = "<group>"; };
		04FF45741EF2EC6200B6769D /* Assets.xcassets */ = {isa = PBXFileReference; lastKnownFileType = folder.assetcatalog; path = Assets.xcassets; sourceTree = "<group>"; };
		04FF45771EF2EC6200B6769D /* Base */ = {isa = PBXFileReference; lastKnownFileType = file.storyboard; name = Base; path = Base.lproj/LaunchScreen.storyboard; sourceTree = "<group>"; };
		04FF45791EF2EC6200B6769D /* Info.plist */ = {isa = PBXFileReference; lastKnownFileType = text.plist.xml; path = Info.plist; sourceTree = "<group>"; };
		04FF457E1EF2EC6200B6769D /* MockTestTests.xctest */ = {isa = PBXFileReference; explicitFileType = wrapper.cfbundle; includeInIndex = 0; path = MockTestTests.xctest; sourceTree = BUILT_PRODUCTS_DIR; };
		04FF45821EF2EC6200B6769D /* MockTestTests.m */ = {isa = PBXFileReference; lastKnownFileType = sourcecode.c.objc; path = MockTestTests.m; sourceTree = "<group>"; };
		04FF45841EF2EC6200B6769D /* Info.plist */ = {isa = PBXFileReference; lastKnownFileType = text.plist.xml; path = Info.plist; sourceTree = "<group>"; };
		1680BCA6A3A1488BAE2BDA01 /* Pods-MockTestTests.debug.xcconfig */ = {isa = PBXFileReference; includeInIndex = 1; lastKnownFileType = text.xcconfig; name = "Pods-MockTestTests.debug.xcconfig"; path = "Pods/Target Support Files/Pods-MockTestTests/Pods-MockTestTests.debug.xcconfig"; sourceTree = "<group>"; };
		8C65C692D582C0F3CDBD87C3 /* libPods-MockTest.a */ = {isa = PBXFileReference; explicitFileType = archive.ar; includeInIndex = 0; path = "libPods-MockTest.a"; sourceTree = BUILT_PRODUCTS_DIR; };
		908DC6DAD287850E1CAE0851 /* libPods-MockTestTests.a */ = {isa = PBXFileReference; explicitFileType = archive.ar; includeInIndex = 0; path = "libPods-MockTestTests.a"; sourceTree = BUILT_PRODUCTS_DIR; };
		B3006A2F775DBAD69E17EA36 /* Pods-MockTestTests.release.xcconfig */ = {isa = PBXFileReference; includeInIndex = 1; lastKnownFileType = text.xcconfig; name = "Pods-MockTestTests.release.xcconfig"; path = "Pods/Target Support Files/Pods-MockTestTests/Pods-MockTestTests.release.xcconfig"; sourceTree = "<group>"; };
		CD88EA16992E219BFDDDD44E /* Pods-MockTest.debug.xcconfig */ = {isa = PBXFileReference; includeInIndex = 1; lastKnownFileType = text.xcconfig; name = "Pods-MockTest.debug.xcconfig"; path = "Pods/Target Support Files/Pods-MockTest/Pods-MockTest.debug.xcconfig"; sourceTree = "<group>"; };
		F871EA419343D8BA7CA05879 /* Pods-MockTest.release.xcconfig */ = {isa = PBXFileReference; includeInIndex = 1; lastKnownFileType = text.xcconfig; name = "Pods-MockTest.release.xcconfig"; path = "Pods/Target Support Files/Pods-MockTest/Pods-MockTest.release.xcconfig"; sourceTree = "<group>"; };
/* End PBXFileReference section */

/* Begin PBXFrameworksBuildPhase section */
		04FF45621EF2EC6200B6769D /* Frameworks */ = {
			isa = PBXFrameworksBuildPhase;
			buildActionMask = 2147483647;
			files = (
				E99B6F6850CF3761CEDAF032 /* libPods-MockTest.a in Frameworks */,
			);
			runOnlyForDeploymentPostprocessing = 0;
		};
		04FF457B1EF2EC6200B6769D /* Frameworks */ = {
			isa = PBXFrameworksBuildPhase;
			buildActionMask = 2147483647;
			files = (
				A09321781BC77A5699A5430C /* libPods-MockTestTests.a in Frameworks */,
			);
			runOnlyForDeploymentPostprocessing = 0;
		};
/* End PBXFrameworksBuildPhase section */

/* Begin PBXGroup section */
		04FF455C1EF2EC6200B6769D = {
			isa = PBXGroup;
			children = (
				04FF45671EF2EC6200B6769D /* MockTest */,
				04FF45811EF2EC6200B6769D /* MockTestTests */,
				04FF45661EF2EC6200B6769D /* Products */,
				D48B84AAD71035024163DA2F /* Pods */,
				65698202DED8D632DB641BF4 /* Frameworks */,
			);
			sourceTree = "<group>";
		};
		04FF45661EF2EC6200B6769D /* Products */ = {
			isa = PBXGroup;
			children = (
				04FF45651EF2EC6200B6769D /* MockTest.app */,
				04FF457E1EF2EC6200B6769D /* MockTestTests.xctest */,
			);
			name = Products;
			sourceTree = "<group>";
		};
		04FF45671EF2EC6200B6769D /* MockTest */ = {
			isa = PBXGroup;
			children = (
				04FF456B1EF2EC6200B6769D /* AppDelegate.h */,
				04FF456C1EF2EC6200B6769D /* AppDelegate.m */,
				04FF456E1EF2EC6200B6769D /* ViewController.h */,
				04FF456F1EF2EC6200B6769D /* ViewController.m */,
				04FF45711EF2EC6200B6769D /* Main.storyboard */,
				04FF45741EF2EC6200B6769D /* Assets.xcassets */,
				04FF45761EF2EC6200B6769D /* LaunchScreen.storyboard */,
				04FF45791EF2EC6200B6769D /* Info.plist */,
				04FF45681EF2EC6200B6769D /* Supporting Files */,
			);
			path = MockTest;
			sourceTree = "<group>";
		};
		04FF45681EF2EC6200B6769D /* Supporting Files */ = {
			isa = PBXGroup;
			children = (
				04FF45691EF2EC6200B6769D /* main.m */,
			);
			name = "Supporting Files";
			sourceTree = "<group>";
		};
		04FF45811EF2EC6200B6769D /* MockTestTests */ = {
			isa = PBXGroup;
			children = (
				04FF45821EF2EC6200B6769D /* MockTestTests.m */,
				04FF45841EF2EC6200B6769D /* Info.plist */,
			);
			path = MockTestTests;
			sourceTree = "<group>";
		};
		65698202DED8D632DB641BF4 /* Frameworks */ = {
			isa = PBXGroup;
			children = (
				8C65C692D582C0F3CDBD87C3 /* libPods-MockTest.a */,
				908DC6DAD287850E1CAE0851 /* libPods-MockTestTests.a */,
			);
			name = Frameworks;
			sourceTree = "<group>";
		};
		D48B84AAD71035024163DA2F /* Pods */ = {
			isa = PBXGroup;
			children = (
				CD88EA16992E219BFDDDD44E /* Pods-MockTest.debug.xcconfig */,
				F871EA419343D8BA7CA05879 /* Pods-MockTest.release.xcconfig */,
				1680BCA6A3A1488BAE2BDA01 /* Pods-MockTestTests.debug.xcconfig */,
				B3006A2F775DBAD69E17EA36 /* Pods-MockTestTests.release.xcconfig */,
			);
			name = Pods;
			sourceTree = "<group>";
		};
/* End PBXGroup section */

/* Begin PBXNativeTarget section */
		04FF45641EF2EC6200B6769D /* MockTest */ = {
			isa = PBXNativeTarget;
			buildConfigurationList = 04FF45871EF2EC6200B6769D /* Build configuration list for PBXNativeTarget "MockTest" */;
			buildPhases = (
				47E5DA4D4C9C6E1008B90E3A /* [CP] Check Pods Manifest.lock */,
				04FF45611EF2EC6200B6769D /* Sources */,
				04FF45621EF2EC6200B6769D /* Frameworks */,
				04FF45631EF2EC6200B6769D /* Resources */,
				5CF495E0D4C99932AEBAF3B1 /* [CP] Embed Pods Frameworks */,
				04C48FF4BE70D85C51133D7F /* [CP] Copy Pods Resources */,
			);
			buildRules = (
			);
			dependencies = (
			);
			name = MockTest;
			productName = MockTest;
			productReference = 04FF45651EF2EC6200B6769D /* MockTest.app */;
			productType = "com.apple.product-type.application";
		};
		04FF457D1EF2EC6200B6769D /* MockTestTests */ = {
			isa = PBXNativeTarget;
			buildConfigurationList = 04FF458A1EF2EC6200B6769D /* Build configuration list for PBXNativeTarget "MockTestTests" */;
			buildPhases = (
				2F4A19F5F837FC7421885017 /* [CP] Check Pods Manifest.lock */,
				04FF457A1EF2EC6200B6769D /* Sources */,
				04FF457B1EF2EC6200B6769D /* Frameworks */,
				04FF457C1EF2EC6200B6769D /* Resources */,
				1EB4D12B4C185B990AEF12B3 /* [CP] Embed Pods Frameworks */,
				B70CBCC1B8DF14CEA8C98BCE /* [CP] Copy Pods Resources */,
			);
			buildRules = (
			);
			dependencies = (
				04FF45801EF2EC6200B6769D /* PBXTargetDependency */,
			);
			name = MockTestTests;
			productName = MockTestTests;
			productReference = 04FF457E1EF2EC6200B6769D /* MockTestTests.xctest */;
			productType = "com.apple.product-type.bundle.unit-test";
		};
/* End PBXNativeTarget section */

/* Begin PBXProject section */
		04FF455D1EF2EC6200B6769D /* Project object */ = {
			isa = PBXProject;
			attributes = {
				LastUpgradeCheck = 0820;
				ORGANIZATIONNAME = user;
				TargetAttributes = {
					04FF45641EF2EC6200B6769D = {
						CreatedOnToolsVersion = 8.2.1;
						ProvisioningStyle = Automatic;
					};
					04FF457D1EF2EC6200B6769D = {
						CreatedOnToolsVersion = 8.2.1;
						ProvisioningStyle = Automatic;
						TestTargetID = 04FF45641EF2EC6200B6769D;
					};
				};
			};
			buildConfigurationList = 04FF45601EF2EC6200B6769D /* Build configuration list for PBXProject "MockTest" */;
			compatibilityVersion = "Xcode 3.2";
			developmentRegion = English;
			hasScannedForEncodings = 0;
			knownRegions = (
				en,
				Base,
			);
			mainGroup = 04FF455C1EF2EC6200B6769D;
			productRefGroup = 04FF45661EF2EC6200B6769D /* Products */;
			projectDirPath = "";
			projectRoot = "";
			targets = (
				04FF45641EF2EC6200B6769D /* MockTest */,
				04FF457D1EF2EC6200B6769D /* MockTestTests */,
			);
		};
/* End PBXProject section */

/* Begin PBXResourcesBuildPhase section */
		04FF45631EF2EC6200B6769D /* Resources */ = {
			isa = PBXResourcesBuildPhase;
			buildActionMask = 2147483647;
			files = (
				04FF45781EF2EC6200B6769D /* LaunchScreen.storyboard in Resources */,
				04FF45751EF2EC6200B6769D /* Assets.xcassets in Resources */,
				04FF45731EF2EC6200B6769D /* Main.storyboard in Resources */,
			);
			runOnlyForDeploymentPostprocessing = 0;
		};
		04FF457C1EF2EC6200B6769D /* Resources */ = {
			isa = PBXResourcesBuildPhase;
			buildActionMask = 2147483647;
			files = (
			);
			runOnlyForDeploymentPostprocessing = 0;
		};
/* End PBXResourcesBuildPhase section */

/* Begin PBXShellScriptBuildPhase section */
		04C48FF4BE70D85C51133D7F /* [CP] Copy Pods Resources */ = {
			isa = PBXShellScriptBuildPhase;
			buildActionMask = 2147483647;
			files = (
			);
			inputPaths = (
			);
			name = "[CP] Copy Pods Resources";
			outputPaths = (
			);
			runOnlyForDeploymentPostprocessing = 0;
			shellPath = /bin/sh;
			shellScript = "\"${SRCROOT}/Pods/Target Support Files/Pods-MockTest/Pods-MockTest-resources.sh\"\n";
			showEnvVarsInLog = 0;
		};
		1EB4D12B4C185B990AEF12B3 /* [CP] Embed Pods Frameworks */ = {
			isa = PBXShellScriptBuildPhase;
			buildActionMask = 2147483647;
			files = (
			);
			inputPaths = (
			);
			name = "[CP] Embed Pods Frameworks";
			outputPaths = (
			);
			runOnlyForDeploymentPostprocessing = 0;
			shellPath = /bin/sh;
			shellScript = "\"${SRCROOT}/Pods/Target Support Files/Pods-MockTestTests/Pods-MockTestTests-frameworks.sh\"\n";
			showEnvVarsInLog = 0;
		};
		2F4A19F5F837FC7421885017 /* [CP] Check Pods Manifest.lock */ = {
			isa = PBXShellScriptBuildPhase;
			buildActionMask = 2147483647;
			files = (
			);
			inputPaths = (
			);
			name = "[CP] Check Pods Manifest.lock";
			outputPaths = (
			);
			runOnlyForDeploymentPostprocessing = 0;
			shellPath = /bin/sh;
			shellScript = "diff \"${PODS_PODFILE_DIR_PATH}/Podfile.lock\" \"${PODS_ROOT}/Manifest.lock\" > /dev/null\nif [ $? != 0 ] ; then\n    # print error to STDERR\n    echo \"error: The sandbox is not in sync with the Podfile.lock. Run 'pod install' or update your CocoaPods installation.\" >&2\n    exit 1\nfi\n";
			showEnvVarsInLog = 0;
		};
		47E5DA4D4C9C6E1008B90E3A /* [CP] Check Pods Manifest.lock */ = {
			isa = PBXShellScriptBuildPhase;
			buildActionMask = 2147483647;
			files = (
			);
			inputPaths = (
			);
			name = "[CP] Check Pods Manifest.lock";
			outputPaths = (
			);
			runOnlyForDeploymentPostprocessing = 0;
			shellPath = /bin/sh;
			shellScript = "diff \"${PODS_PODFILE_DIR_PATH}/Podfile.lock\" \"${PODS_ROOT}/Manifest.lock\" > /dev/null\nif [ $? != 0 ] ; then\n    # print error to STDERR\n    echo \"error: The sandbox is not in sync with the Podfile.lock. Run 'pod install' or update your CocoaPods installation.\" >&2\n    exit 1\nfi\n";
			showEnvVarsInLog = 0;
		};
		5CF495E0D4C99932AEBAF3B1 /* [CP] Embed Pods Frameworks */ = {
			isa = PBXShellScriptBuildPhase;
			buildActionMask = 2147483647;
			files = (
			);
			inputPaths = (
			);
			name = "[CP] Embed Pods Frameworks";
			outputPaths = (
			);
			runOnlyForDeploymentPostprocessing = 0;
			shellPath = /bin/sh;
			shellScript = "\"${SRCROOT}/Pods/Target Support Files/Pods-MockTest/Pods-MockTest-frameworks.sh\"\n";
			showEnvVarsInLog = 0;
		};
		B70CBCC1B8DF14CEA8C98BCE /* [CP] Copy Pods Resources */ = {
			isa = PBXShellScriptBuildPhase;
			buildActionMask = 2147483647;
			files = (
			);
			inputPaths = (
			);
			name = "[CP] Copy Pods Resources";
			outputPaths = (
			);
			runOnlyForDeploymentPostprocessing = 0;
			shellPath = /bin/sh;
			shellScript = "\"${SRCROOT}/Pods/Target Support Files/Pods-MockTestTests/Pods-MockTestTests-resources.sh\"\n";
			showEnvVarsInLog = 0;
		};
/* End PBXShellScriptBuildPhase section */

/* Begin PBXSourcesBuildPhase section */
		04FF45611EF2EC6200B6769D /* Sources */ = {
			isa = PBXSourcesBuildPhase;
			buildActionMask = 2147483647;
			files = (
				04FF45701EF2EC6200B6769D /* ViewController.m in Sources */,
				04FF456D1EF2EC6200B6769D /* AppDelegate.m in Sources */,
				04FF456A1EF2EC6200B6769D /* main.m in Sources */,
			);
			runOnlyForDeploymentPostprocessing = 0;
		};
		04FF457A1EF2EC6200B6769D /* Sources */ = {
			isa = PBXSourcesBuildPhase;
			buildActionMask = 2147483647;
			files = (
				04FF45831EF2EC6200B6769D /* MockTestTests.m in Sources */,
			);
			runOnlyForDeploymentPostprocessing = 0;
		};
/* End PBXSourcesBuildPhase section */

/* Begin PBXTargetDependency section */
		04FF45801EF2EC6200B6769D /* PBXTargetDependency */ = {
			isa = PBXTargetDependency;
			target = 04FF45641EF2EC6200B6769D /* MockTest */;
			targetProxy = 04FF457F1EF2EC6200B6769D /* PBXContainerItemProxy */;
		};
/* End PBXTargetDependency section */

/* Begin PBXVariantGroup section */
		04FF45711EF2EC6200B6769D /* Main.storyboard */ = {
			isa = PBXVariantGroup;
			children = (
				04FF45721EF2EC6200B6769D /* Base */,
			);
			name = Main.storyboard;
			sourceTree = "<group>";
		};
		04FF45761EF2EC6200B6769D /* LaunchScreen.storyboard */ = {
			isa = PBXVariantGroup;
			children = (
				04FF45771EF2EC6200B6769D /* Base */,
			);
			name = LaunchScreen.storyboard;
			sourceTree = "<group>";
		};
/* End PBXVariantGroup section */

/* Begin XCBuildConfiguration section */
		04FF45851EF2EC6200B6769D /* Debug */ = {
			isa = XCBuildConfiguration;
			buildSettings = {
				ALWAYS_SEARCH_USER_PATHS = NO;
				CLANG_ANALYZER_NONNULL = YES;
				CLANG_CXX_LANGUAGE_STANDARD = "gnu++0x";
				CLANG_CXX_LIBRARY = "libc++";
				CLANG_ENABLE_MODULES = YES;
				CLANG_ENABLE_OBJC_ARC = YES;
				CLANG_WARN_BOOL_CONVERSION = YES;
				CLANG_WARN_CONSTANT_CONVERSION = YES;
				CLANG_WARN_DIRECT_OBJC_ISA_USAGE = YES_ERROR;
				CLANG_WARN_DOCUMENTATION_COMMENTS = YES;
				CLANG_WARN_EMPTY_BODY = YES;
				CLANG_WARN_ENUM_CONVERSION = YES;
				CLANG_WARN_INFINITE_RECURSION = YES;
				CLANG_WARN_INT_CONVERSION = YES;
				CLANG_WARN_OBJC_ROOT_CLASS = YES_ERROR;
				CLANG_WARN_SUSPICIOUS_MOVE = YES;
				CLANG_WARN_UNREACHABLE_CODE = YES;
				CLANG_WARN__DUPLICATE_METHOD_MATCH = YES;
				"CODE_SIGN_IDENTITY[sdk=iphoneos*]" = "iPhone Developer";
				COPY_PHASE_STRIP = NO;
				DEBUG_INFORMATION_FORMAT = dwarf;
				ENABLE_STRICT_OBJC_MSGSEND = YES;
				ENABLE_TESTABILITY = YES;
				GCC_C_LANGUAGE_STANDARD = gnu99;
				GCC_DYNAMIC_NO_PIC = NO;
				GCC_NO_COMMON_BLOCKS = YES;
				GCC_OPTIMIZATION_LEVEL = 0;
				GCC_PREPROCESSOR_DEFINITIONS = (
					"DEBUG=1",
					"$(inherited)",
				);
				GCC_WARN_64_TO_32_BIT_CONVERSION = YES;
				GCC_WARN_ABOUT_RETURN_TYPE = YES_ERROR;
				GCC_WARN_UNDECLARED_SELECTOR = YES;
				GCC_WARN_UNINITIALIZED_AUTOS = YES_AGGRESSIVE;
				GCC_WARN_UNUSED_FUNCTION = YES;
				GCC_WARN_UNUSED_VARIABLE = YES;
				IPHONEOS_DEPLOYMENT_TARGET = 10.2;
				MTL_ENABLE_DEBUG_INFO = YES;
				ONLY_ACTIVE_ARCH = YES;
				SDKROOT = iphoneos;
				TARGETED_DEVICE_FAMILY = "1,2";
			};
			name = Debug;
		};
		04FF45861EF2EC6200B6769D /* Release */ = {
			isa = XCBuildConfiguration;
			buildSettings = {
				ALWAYS_SEARCH_USER_PATHS = NO;
				CLANG_ANALYZER_NONNULL = YES;
				CLANG_CXX_LANGUAGE_STANDARD = "gnu++0x";
				CLANG_CXX_LIBRARY = "libc++";
				CLANG_ENABLE_MODULES = YES;
				CLANG_ENABLE_OBJC_ARC = YES;
				CLANG_WARN_BOOL_CONVERSION = YES;
				CLANG_WARN_CONSTANT_CONVERSION = YES;
				CLANG_WARN_DIRECT_OBJC_ISA_USAGE = YES_ERROR;
				CLANG_WARN_DOCUMENTATION_COMMENTS = YES;
				CLANG_WARN_EMPTY_BODY = YES;
				CLANG_WARN_ENUM_CONVERSION = YES;
				CLANG_WARN_INFINITE_RECURSION = YES;
				CLANG_WARN_INT_CONVERSION = YES;
				CLANG_WARN_OBJC_ROOT_CLASS = YES_ERROR;
				CLANG_WARN_SUSPICIOUS_MOVE = YES;
				CLANG_WARN_UNREACHABLE_CODE = YES;
				CLANG_WARN__DUPLICATE_METHOD_MATCH = YES;
				"CODE_SIGN_IDENTITY[sdk=iphoneos*]" = "iPhone Developer";
				COPY_PHASE_STRIP = NO;
				DEBUG_INFORMATION_FORMAT = "dwarf-with-dsym";
				ENABLE_NS_ASSERTIONS = NO;
				ENABLE_STRICT_OBJC_MSGSEND = YES;
				GCC_C_LANGUAGE_STANDARD = gnu99;
				GCC_NO_COMMON_BLOCKS = YES;
				GCC_WARN_64_TO_32_BIT_CONVERSION = YES;
				GCC_WARN_ABOUT_RETURN_TYPE = YES_ERROR;
				GCC_WARN_UNDECLARED_SELECTOR = YES;
				GCC_WARN_UNINITIALIZED_AUTOS = YES_AGGRESSIVE;
				GCC_WARN_UNUSED_FUNCTION = YES;
				GCC_WARN_UNUSED_VARIABLE = YES;
				IPHONEOS_DEPLOYMENT_TARGET = 10.2;
				MTL_ENABLE_DEBUG_INFO = NO;
				SDKROOT = iphoneos;
				TARGETED_DEVICE_FAMILY = "1,2";
				VALIDATE_PRODUCT = YES;
			};
			name = Release;
		};
		04FF45881EF2EC6200B6769D /* Debug */ = {
			isa = XCBuildConfiguration;
			baseConfigurationReference = CD88EA16992E219BFDDDD44E /* Pods-MockTest.debug.xcconfig */;
			buildSettings = {
				ASSETCATALOG_COMPILER_APPICON_NAME = AppIcon;
				INFOPLIST_FILE = MockTest/Info.plist;
				IPHONEOS_DEPLOYMENT_TARGET = 8.0;
				LD_RUNPATH_SEARCH_PATHS = "$(inherited) @executable_path/Frameworks";
				PRODUCT_BUNDLE_IDENTIFIER = ru.ilyaborisov.MockTest;
				PRODUCT_NAME = "$(TARGET_NAME)";
			};
			name = Debug;
		};
		04FF45891EF2EC6200B6769D /* Release */ = {
			isa = XCBuildConfiguration;
			baseConfigurationReference = F871EA419343D8BA7CA05879 /* Pods-MockTest.release.xcconfig */;
			buildSettings = {
				ASSETCATALOG_COMPILER_APPICON_NAME = AppIcon;
				INFOPLIST_FILE = MockTest/Info.plist;
				IPHONEOS_DEPLOYMENT_TARGET = 8.0;
				LD_RUNPATH_SEARCH_PATHS = "$(inherited) @executable_path/Frameworks";
				PRODUCT_BUNDLE_IDENTIFIER = ru.ilyaborisov.MockTest;
				PRODUCT_NAME = "$(TARGET_NAME)";
			};
			name = Release;
		};
		04FF458B1EF2EC6200B6769D /* Debug */ = {
			isa = XCBuildConfiguration;
			baseConfigurationReference = 1680BCA6A3A1488BAE2BDA01 /* Pods-MockTestTests.debug.xcconfig */;
			buildSettings = {
				BUNDLE_LOADER = "$(TEST_HOST)";
				INFOPLIST_FILE = MockTestTests/Info.plist;
				LD_RUNPATH_SEARCH_PATHS = "$(inherited) @executable_path/Frameworks @loader_path/Frameworks";
				PRODUCT_BUNDLE_IDENTIFIER = ru.ilyaborisov.MockTestTests;
				PRODUCT_NAME = "$(TARGET_NAME)";
				TEST_HOST = "$(BUILT_PRODUCTS_DIR)/MockTest.app/MockTest";
			};
			name = Debug;
		};
		04FF458C1EF2EC6200B6769D /* Release */ = {
			isa = XCBuildConfiguration;
			baseConfigurationReference = B3006A2F775DBAD69E17EA36 /* Pods-MockTestTests.release.xcconfig */;
			buildSettings = {
				BUNDLE_LOADER = "$(TEST_HOST)";
				INFOPLIST_FILE = MockTestTests/Info.plist;
				LD_RUNPATH_SEARCH_PATHS = "$(inherited) @executable_path/Frameworks @loader_path/Frameworks";
				PRODUCT_BUNDLE_IDENTIFIER = ru.ilyaborisov.MockTestTests;
				PRODUCT_NAME = "$(TARGET_NAME)";
				TEST_HOST = "$(BUILT_PRODUCTS_DIR)/MockTest.app/MockTest";
			};
			name = Release;
		};
/* End XCBuildConfiguration section */

/* Begin XCConfigurationList section */
		04FF45601EF2EC6200B6769D /* Build configuration list for PBXProject "MockTest" */ = {
			isa = XCConfigurationList;
			buildConfigurations = (
				04FF45851EF2EC6200B6769D /* Debug */,
				04FF45861EF2EC6200B6769D /* Release */,
			);
			defaultConfigurationIsVisible = 0;
			defaultConfigurationName = Release;
		};
		04FF45871EF2EC6200B6769D /* Build configuration list for PBXNativeTarget "MockTest" */ = {
			isa = XCConfigurationList;
			buildConfigurations = (
				04FF45881EF2EC6200B6769D /* Debug */,
				04FF45891EF2EC6200B6769D /* Release */,
			);
			defaultConfigurationIsVisible = 0;
		};
		04FF458A1EF2EC6200B6769D /* Build configuration list for PBXNativeTarget "MockTestTests" */ = {
			isa = XCConfigurationList;
			buildConfigurations = (
				04FF458B1EF2EC6200B6769D /* Debug */,
				04FF458C1EF2EC6200B6769D /* Release */,
			);
			defaultConfigurationIsVisible = 0;
		};
/* End XCConfigurationList section */
	};
	rootObject = 04FF455D1EF2EC6200B6769D /* Project object */;
}
